
Microsoft Visual Studio Solution File, Format Version 12.00
# Visual Studio Version 16
VisualStudioVersion = 16.0.29001.49
MinimumVisualStudioVersion = 10.0.40219.1
Project("{FAE04EC0-301F-11D3-BF4B-00C04F79EFBC}") = "Trigonometry", "Trigonometry\Trigonometry.csproj", "{45E44EFF-84D5-4CC4-BE2C-A3AF26F2F172}"
EndProject
Global
	GlobalSection(SolutionConfigurationPlatforms) = preSolution
		Debug|Any CPU = Debug|Any CPU
		Release|Any CPU = Release|Any CPU
	EndGlobalSection
	GlobalSection(ProjectConfigurationPlatforms) = postSolution
		{45E44EFF-84D5-4CC4-BE2C-A3AF26F2F172}.Debug|Any CPU.ActiveCfg = Debug|Any CPU
		{45E44EFF-84D5-4CC4-BE2C-A3AF26F2F172}.Debug|Any CPU.Build.0 = Debug|Any CPU
		{45E44EFF-84D5-4CC4-BE2C-A3AF26F2F172}.Release|Any CPU.ActiveCfg = Release|Any CPU
		{45E44EFF-84D5-4CC4-BE2C-A3AF26F2F172}.Release|Any CPU.Build.0 = Release|Any CPU
	EndGlobalSection
	GlobalSection(SolutionProperties) = preSolution
		HideSolutionNode = FALSE
	EndGlobalSection
	GlobalSection(ExtensibilityGlobals) = postSolution
		SolutionGuid = {FFA30759-59AD-4AB2-ACF8-67A0D35D505A}
	EndGlobalSection
EndGlobal
